// !$*UTF8*$!
{
	archiveVersion = 1;
	classes = {
	};
	objectVersion = 46;
	objects = {

/* Begin PBXBuildFile section */
		ED3E4D211A6421A000E64378 /* AppDelegate.swift in Sources */ = {isa = PBXBuildFile; fileRef = ED3E4D201A6421A000E64378 /* AppDelegate.swift */; };
		ED3E4D231A6421A000E64378 /* ViewController.swift in Sources */ = {isa = PBXBuildFile; fileRef = ED3E4D221A6421A000E64378 /* ViewController.swift */; };
		ED3E4D261A6421A000E64378 /* Main.storyboard in Resources */ = {isa = PBXBuildFile; fileRef = ED3E4D241A6421A000E64378 /* Main.storyboard */; };
		ED3E4D281A6421A000E64378 /* Images.xcassets in Resources */ = {isa = PBXBuildFile; fileRef = ED3E4D271A6421A000E64378 /* Images.xcassets */; };
		ED3E4D2B1A6421A000E64378 /* LaunchScreen.xib in Resources */ = {isa = PBXBuildFile; fileRef = ED3E4D291A6421A000E64378 /* LaunchScreen.xib */; };
		ED3E4D371A6421A000E64378 /* StormyTests.swift in Sources */ = {isa = PBXBuildFile; fileRef = ED3E4D361A6421A000E64378 /* StormyTests.swift */; };
		ED3E4D411A6441ED00E64378 /* Current.swift in Sources */ = {isa = PBXBuildFile; fileRef = ED3E4D401A6441ED00E64378 /* Current.swift */; };
/* End PBXBuildFile section */

/* Begin PBXContainerItemProxy section */
		ED3E4D311A6421A000E64378 /* PBXContainerItemProxy */ = {
			isa = PBXContainerItemProxy;
			containerPortal = ED3E4D131A6421A000E64378 /* Project object */;
			proxyType = 1;
			remoteGlobalIDString = ED3E4D1A1A6421A000E64378;
			remoteInfo = Stormy;
		};
/* End PBXContainerItemProxy section */

/* Begin PBXFileReference section */
		ED3E4D1B1A6421A000E64378 /* Stormy.app */ = {isa = PBXFileReference; explicitFileType = wrapper.application; includeInIndex = 0; path = Stormy.app; sourceTree = BUILT_PRODUCTS_DIR; };
		ED3E4D1F1A6421A000E64378 /* Info.plist */ = {isa = PBXFileReference; lastKnownFileType = text.plist.xml; path = Info.plist; sourceTree = "<group>"; };
		ED3E4D201A6421A000E64378 /* AppDelegate.swift */ = {isa = PBXFileReference; lastKnownFileType = sourcecode.swift; path = AppDelegate.swift; sourceTree = "<group>"; };
		ED3E4D221A6421A000E64378 /* ViewController.swift */ = {isa = PBXFileReference; lastKnownFileType = sourcecode.swift; path = ViewController.swift; sourceTree = "<group>"; };
		ED3E4D251A6421A000E64378 /* Base */ = {isa = PBXFileReference; lastKnownFileType = file.storyboard; name = Base; path = Base.lproj/Main.storyboard; sourceTree = "<group>"; };
		ED3E4D271A6421A000E64378 /* Images.xcassets */ = {isa = PBXFileReference; lastKnownFileType = folder.assetcatalog; path = Images.xcassets; sourceTree = "<group>"; };
		ED3E4D2A1A6421A000E64378 /* Base */ = {isa = PBXFileReference; lastKnownFileType = file.xib; name = Base; path = Base.lproj/LaunchScreen.xib; sourceTree = "<group>"; };
		ED3E4D301A6421A000E64378 /* StormyTests.xctest */ = {isa = PBXFileReference; explicitFileType = wrapper.cfbundle; includeInIndex = 0; path = StormyTests.xctest; sourceTree = BUILT_PRODUCTS_DIR; };
		ED3E4D351A6421A000E64378 /* Info.plist */ = {isa = PBXFileReference; lastKnownFileType = text.plist.xml; path = Info.plist; sourceTree = "<group>"; };
		ED3E4D361A6421A000E64378 /* StormyTests.swift */ = {isa = PBXFileReference; lastKnownFileType = sourcecode.swift; path = StormyTests.swift; sourceTree = "<group>"; };
		ED3E4D401A6441ED00E64378 /* Current.swift */ = {isa = PBXFileReference; fileEncoding = 4; lastKnownFileType = sourcecode.swift; path = Current.swift; sourceTree = "<group>"; };
/* End PBXFileReference section */

/* Begin PBXFrameworksBuildPhase section */
		ED3E4D181A6421A000E64378 /* Frameworks */ = {
			isa = PBXFrameworksBuildPhase;
			buildActionMask = 2147483647;
			files = (
			);
			runOnlyForDeploymentPostprocessing = 0;
		};
		ED3E4D2D1A6421A000E64378 /* Frameworks */ = {
			isa = PBXFrameworksBuildPhase;
			buildActionMask = 2147483647;
			files = (
			);
			runOnlyForDeploymentPostprocessing = 0;
		};
/* End PBXFrameworksBuildPhase section */

/* Begin PBXGroup section */
		ED3E4D121A6421A000E64378 = {
			isa = PBXGroup;
			children = (
				ED3E4D1D1A6421A000E64378 /* Stormy */,
				ED3E4D331A6421A000E64378 /* StormyTests */,
				ED3E4D1C1A6421A000E64378 /* Products */,
			);
			sourceTree = "<group>";
		};
		ED3E4D1C1A6421A000E64378 /* Products */ = {
			isa = PBXGroup;
			children = (
				ED3E4D1B1A6421A000E64378 /* Stormy.app */,
				ED3E4D301A6421A000E64378 /* StormyTests.xctest */,
			);
			name = Products;
			sourceTree = "<group>";
		};
		ED3E4D1D1A6421A000E64378 /* Stormy */ = {
			isa = PBXGroup;
			children = (
				ED3E4D201A6421A000E64378 /* AppDelegate.swift */,
				ED3E4D221A6421A000E64378 /* ViewController.swift */,
				ED3E4D401A6441ED00E64378 /* Current.swift */,
				ED3E4D241A6421A000E64378 /* Main.storyboard */,
				ED3E4D271A6421A000E64378 /* Images.xcassets */,
				ED3E4D291A6421A000E64378 /* LaunchScreen.xib */,
				ED3E4D1E1A6421A000E64378 /* Supporting Files */,
			);
			path = Stormy;
			sourceTree = "<group>";
		};
		ED3E4D1E1A6421A000E64378 /* Supporting Files */ = {
			isa = PBXGroup;
			children = (
				ED3E4D1F1A6421A000E64378 /* Info.plist */,
			);
			name = "Supporting Files";
			sourceTree = "<group>";
		};
		ED3E4D331A6421A000E64378 /* StormyTests */ = {
			isa = PBXGroup;
			children = (
				ED3E4D361A6421A000E64378 /* StormyTests.swift */,
				ED3E4D341A6421A000E64378 /* Supporting Files */,
			);
			path = StormyTests;
			sourceTree = "<group>";
		};
		ED3E4D341A6421A000E64378 /* Supporting Files */ = {
			isa = PBXGroup;
			children = (
				ED3E4D351A6421A000E64378 /* Info.plist */,
			);
			name = "Supporting Files";
			sourceTree = "<group>";
		};
/* End PBXGroup section */

/* Begin PBXNativeTarget section */
		ED3E4D1A1A6421A000E64378 /* Stormy */ = {
			isa = PBXNativeTarget;
			buildConfigurationList = ED3E4D3A1A6421A000E64378 /* Build configuration list for PBXNativeTarget "Stormy" */;
			buildPhases = (
				ED3E4D171A6421A000E64378 /* Sources */,
				ED3E4D181A6421A000E64378 /* Frameworks */,
				ED3E4D191A6421A000E64378 /* Resources */,
				ED3E4D421A64751500E64378 /* ShellScript */,
			);
			buildRules = (
			);
			dependencies = (
			);
			name = Stormy;
			productName = Stormy;
			productReference = ED3E4D1B1A6421A000E64378 /* Stormy.app */;
			productType = "com.apple.product-type.application";
		};
		ED3E4D2F1A6421A000E64378 /* StormyTests */ = {
			isa = PBXNativeTarget;
			buildConfigurationList = ED3E4D3D1A6421A000E64378 /* Build configuration list for PBXNativeTarget "StormyTests" */;
			buildPhases = (
				ED3E4D2C1A6421A000E64378 /* Sources */,
				ED3E4D2D1A6421A000E64378 /* Frameworks */,
				ED3E4D2E1A6421A000E64378 /* Resources */,
			);
			buildRules = (
			);
			dependencies = (
				ED3E4D321A6421A000E64378 /* PBXTargetDependency */,
			);
			name = StormyTests;
			productName = StormyTests;
			productReference = ED3E4D301A6421A000E64378 /* StormyTests.xctest */;
			productType = "com.apple.product-type.bundle.unit-test";
		};
/* End PBXNativeTarget section */

/* Begin PBXProject section */
		ED3E4D131A6421A000E64378 /* Project object */ = {
			isa = PBXProject;
			attributes = {
				LastUpgradeCheck = 0610;
				ORGANIZATIONNAME = "Kirill Pahnev";
				TargetAttributes = {
					ED3E4D1A1A6421A000E64378 = {
						CreatedOnToolsVersion = 6.1;
					};
					ED3E4D2F1A6421A000E64378 = {
						CreatedOnToolsVersion = 6.1;
						TestTargetID = ED3E4D1A1A6421A000E64378;
					};
				};
			};
			buildConfigurationList = ED3E4D161A6421A000E64378 /* Build configuration list for PBXProject "Stormy" */;
			compatibilityVersion = "Xcode 3.2";
			developmentRegion = English;
			hasScannedForEncodings = 0;
			knownRegions = (
				en,
				Base,
			);
			mainGroup = ED3E4D121A6421A000E64378;
			productRefGroup = ED3E4D1C1A6421A000E64378 /* Products */;
			projectDirPath = "";
			projectRoot = "";
			targets = (
				ED3E4D1A1A6421A000E64378 /* Stormy */,
				ED3E4D2F1A6421A000E64378 /* StormyTests */,
			);
		};
/* End PBXProject section */

/* Begin PBXResourcesBuildPhase section */
		ED3E4D191A6421A000E64378 /* Resources */ = {
			isa = PBXResourcesBuildPhase;
			buildActionMask = 2147483647;
			files = (
				ED3E4D261A6421A000E64378 /* Main.storyboard in Resources */,
				ED3E4D2B1A6421A000E64378 /* LaunchScreen.xib in Resources */,
				ED3E4D281A6421A000E64378 /* Images.xcassets in Resources */,
			);
			runOnlyForDeploymentPostprocessing = 0;
		};
		ED3E4D2E1A6421A000E64378 /* Resources */ = {
			isa = PBXResourcesBuildPhase;
			buildActionMask = 2147483647;
			files = (
			);
			runOnlyForDeploymentPostprocessing = 0;
		};
/* End PBXResourcesBuildPhase section */

/* Begin PBXShellScriptBuildPhase section */
		ED3E4D421A64751500E64378 /* ShellScript */ = {
			isa = PBXShellScriptBuildPhase;
			buildActionMask = 2147483647;
			files = (
			);
			inputPaths = (
			);
			outputPaths = (
			);
			runOnlyForDeploymentPostprocessing = 0;
			shellPath = /bin/sh;
			shellScript = "TAGS=\"TODO:|FIXME:\"\necho \"searching ${SRCROOT} for ${TAGS}\"\nfind \"${SRCROOT}\" \\( -name \"*.swift\" \\) -print0 | xargs -0 egrep --with-filename --line-number --only-matching \"($TAGS).*\\$\" | perl -p -e \"s/($TAGS)/ warning: \\$1/\"\n";
		};
/* End PBXShellScriptBuildPhase section */

/* Begin PBXSourcesBuildPhase section */
		ED3E4D171A6421A000E64378 /* Sources */ = {
			isa = PBXSourcesBuildPhase;
			buildActionMask = 2147483647;
			files = (
				ED3E4D411A6441ED00E64378 /* Current.swift in Sources */,
				ED3E4D231A6421A000E64378 /* ViewController.swift in Sources */,
				ED3E4D211A6421A000E64378 /* AppDelegate.swift in Sources */,
			);
			runOnlyForDeploymentPostprocessing = 0;
		};
		ED3E4D2C1A6421A000E64378 /* Sources */ = {
			isa = PBXSourcesBuildPhase;
			buildActionMask = 2147483647;
			files = (
				ED3E4D371A6421A000E64378 /* StormyTests.swift in Sources */,
			);
			runOnlyForDeploymentPostprocessing = 0;
		};
/* End PBXSourcesBuildPhase section */

/* Begin PBXTargetDependency section */
		ED3E4D321A6421A000E64378 /* PBXTargetDependency */ = {
			isa = PBXTargetDependency;
			target = ED3E4D1A1A6421A000E64378 /* Stormy */;
			targetProxy = ED3E4D311A6421A000E64378 /* PBXContainerItemProxy */;
		};
/* End PBXTargetDependency section */

/* Begin PBXVariantGroup section */
		ED3E4D241A6421A000E64378 /* Main.storyboard */ = {
			isa = PBXVariantGroup;
			children = (
				ED3E4D251A6421A000E64378 /* Base */,
			);
			name = Main.storyboard;
			sourceTree = "<group>";
		};
		ED3E4D291A6421A000E64378 /* LaunchScreen.xib */ = {
			isa = PBXVariantGroup;
			children = (
				ED3E4D2A1A6421A000E64378 /* Base */,
			);
			name = LaunchScreen.xib;
			sourceTree = "<group>";
		};
/* End PBXVariantGroup section */

/* Begin XCBuildConfiguration section */
		ED3E4D381A6421A000E64378 /* Debug */ = {
			isa = XCBuildConfiguration;
			buildSettings = {
				ALWAYS_SEARCH_USER_PATHS = NO;
				CLANG_CXX_LANGUAGE_STANDARD = "gnu++0x";
				CLANG_CXX_LIBRARY = "libc++";
				CLANG_ENABLE_MODULES = YES;
				CLANG_ENABLE_OBJC_ARC = YES;
				CLANG_WARN_BOOL_CONVERSION = YES;
				CLANG_WARN_CONSTANT_CONVERSION = YES;
				CLANG_WARN_DIRECT_OBJC_ISA_USAGE = YES_ERROR;
				CLANG_WARN_EMPTY_BODY = YES;
				CLANG_WARN_ENUM_CONVERSION = YES;
				CLANG_WARN_INT_CONVERSION = YES;
				CLANG_WARN_OBJC_ROOT_CLASS = YES_ERROR;
				CLANG_WARN_UNREACHABLE_CODE = YES;
				CLANG_WARN__DUPLICATE_METHOD_MATCH = YES;
				"CODE_SIGN_IDENTITY[sdk=iphoneos*]" = "iPhone Developer";
				COPY_PHASE_STRIP = NO;
				ENABLE_STRICT_OBJC_MSGSEND = YES;
				GCC_C_LANGUAGE_STANDARD = gnu99;
				GCC_DYNAMIC_NO_PIC = NO;
				GCC_OPTIMIZATION_LEVEL = 0;
				GCC_PREPROCESSOR_DEFINITIONS = (
					"DEBUG=1",
					"$(inherited)",
				);
				GCC_SYMBOLS_PRIVATE_EXTERN = NO;
				GCC_WARN_64_TO_32_BIT_CONVERSION = YES;
				GCC_WARN_ABOUT_RETURN_TYPE = YES_ERROR;
				GCC_WARN_UNDECLARED_SELECTOR = YES;
				GCC_WARN_UNINITIALIZED_AUTOS = YES_AGGRESSIVE;
				GCC_WARN_UNUSED_FUNCTION = YES;
				GCC_WARN_UNUSED_VARIABLE = YES;
				IPHONEOS_DEPLOYMENT_TARGET = 8.1;
				MTL_ENABLE_DEBUG_INFO = YES;
				ONLY_ACTIVE_ARCH = YES;
				SDKROOT = iphoneos;
				SWIFT_OPTIMIZATION_LEVEL = "-Onone";
			};
			name = Debug;
		};
		ED3E4D391A6421A000E64378 /* Release */ = {
			isa = XCBuildConfiguration;
			buildSettings = {
				ALWAYS_SEARCH_USER_PATHS = NO;
				CLANG_CXX_LANGUAGE_STANDARD = "gnu++0x";
				CLANG_CXX_LIBRARY = "libc++";
				CLANG_ENABLE_MODULES = YES;
				CLANG_ENABLE_OBJC_ARC = YES;
				CLANG_WARN_BOOL_CONVERSION = YES;
				CLANG_WARN_CONSTANT_CONVERSION = YES;
				CLANG_WARN_DIRECT_OBJC_ISA_USAGE = YES_ERROR;
				CLANG_WARN_EMPTY_BODY = YES;
				CLANG_WARN_ENUM_CONVERSION = YES;
				CLANG_WARN_INT_CONVERSION = YES;
				CLANG_WARN_OBJC_ROOT_CLASS = YES_ERROR;
				CLANG_WARN_UNREACHABLE_CODE = YES;
				CLANG_WARN__DUPLICATE_METHOD_MATCH = YES;
				"CODE_SIGN_IDENTITY[sdk=iphoneos*]" = "iPhone Developer";
				COPY_PHASE_STRIP = YES;
				ENABLE_NS_ASSERTIONS = NO;
				ENABLE_STRICT_OBJC_MSGSEND = YES;
				GCC_C_LANGUAGE_STANDARD = gnu99;
				GCC_WARN_64_TO_32_BIT_CONVERSION = YES;
				GCC_WARN_ABOUT_RETURN_TYPE = YES_ERROR;
				GCC_WARN_UNDECLARED_SELECTOR = YES;
				GCC_WARN_UNINITIALIZED_AUTOS = YES_AGGRESSIVE;
				GCC_WARN_UNUSED_FUNCTION = YES;
				GCC_WARN_UNUSED_VARIABLE = YES;
				IPHONEOS_DEPLOYMENT_TARGET = 8.1;
				MTL_ENABLE_DEBUG_INFO = NO;
				SDKROOT = iphoneos;
				VALIDATE_PRODUCT = YES;
			};
			name = Release;
		};
		ED3E4D3B1A6421A000E64378 /* Debug */ = {
			isa = XCBuildConfiguration;
			buildSettings = {
				ASSETCATALOG_COMPILER_APPICON_NAME = AppIcon;
				INFOPLIST_FILE = Stormy/Info.plist;
				LD_RUNPATH_SEARCH_PATHS = "$(inherited) @executable_path/Frameworks";
				PRODUCT_NAME = "$(TARGET_NAME)";
			};
			name = Debug;
		};
		ED3E4D3C1A6421A000E64378 /* Release */ = {
			isa = XCBuildConfiguration;
			buildSettings = {
				ASSETCATALOG_COMPILER_APPICON_NAME = AppIcon;
				INFOPLIST_FILE = Stormy/Info.plist;
				LD_RUNPATH_SEARCH_PATHS = "$(inherited) @executable_path/Frameworks";
				PRODUCT_NAME = "$(TARGET_NAME)";
			};
			name = Release;
		};
		ED3E4D3E1A6421A000E64378 /* Debug */ = {
			isa = XCBuildConfiguration;
			buildSettings = {
				BUNDLE_LOADER = "$(TEST_HOST)";
				FRAMEWORK_SEARCH_PATHS = (
					"$(SDKROOT)/Developer/Library/Frameworks",
					"$(inherited)",
				);
				GCC_PREPROCESSOR_DEFINITIONS = (
					"DEBUG=1",
					"$(inherited)",
				);
				INFOPLIST_FILE = StormyTests/Info.plist;
				LD_RUNPATH_SEARCH_PATHS = "$(inherited) @executable_path/Frameworks @loader_path/Frameworks";
				PRODUCT_NAME = "$(TARGET_NAME)";
				TEST_HOST = "$(BUILT_PRODUCTS_DIR)/Stormy.app/Stormy";
			};
			name = Debug;
		};
		ED3E4D3F1A6421A000E64378 /* Release */ = {
			isa = XCBuildConfiguration;
			buildSettings = {
				BUNDLE_LOADER = "$(TEST_HOST)";
				FRAMEWORK_SEARCH_PATHS = (
					"$(SDKROOT)/Developer/Library/Frameworks",
					"$(inherited)",
				);
				INFOPLIST_FILE = StormyTests/Info.plist;
				LD_RUNPATH_SEARCH_PATHS = "$(inherited) @executable_path/Frameworks @loader_path/Frameworks";
				PRODUCT_NAME = "$(TARGET_NAME)";
				TEST_HOST = "$(BUILT_PRODUCTS_DIR)/Stormy.app/Stormy";
			};
			name = Release;
		};
/* End XCBuildConfiguration section */

/* Begin XCConfigurationList section */
		ED3E4D161A6421A000E64378 /* Build configuration list for PBXProject "Stormy" */ = {
			isa = XCConfigurationList;
			buildConfigurations = (
				ED3E4D381A6421A000E64378 /* Debug */,
				ED3E4D391A6421A000E64378 /* Release */,
			);
			defaultConfigurationIsVisible = 0;
			defaultConfigurationName = Release;
		};
		ED3E4D3A1A6421A000E64378 /* Build configuration list for PBXNativeTarget "Stormy" */ = {
			isa = XCConfigurationList;
			buildConfigurations = (
				ED3E4D3B1A6421A000E64378 /* Debug */,
				ED3E4D3C1A6421A000E64378 /* Release */,
			);
			defaultConfigurationIsVisible = 0;
			defaultConfigurationName = Release;
		};
		ED3E4D3D1A6421A000E64378 /* Build configuration list for PBXNativeTarget "StormyTests" */ = {
			isa = XCConfigurationList;
			buildConfigurations = (
				ED3E4D3E1A6421A000E64378 /* Debug */,
				ED3E4D3F1A6421A000E64378 /* Release */,
			);
			defaultConfigurationIsVisible = 0;
			defaultConfigurationName = Release;
		};
/* End XCConfigurationList section */
	};
	rootObject = ED3E4D131A6421A000E64378 /* Project object */;
}
